
Microsoft Visual Studio Solution File, Format Version 12.00
# Visual Studio 2013
VisualStudioVersion = 12.0.40629.0
MinimumVisualStudioVersion = 10.0.40219.1
Project("{FAE04EC0-301F-11D3-BF4B-00C04F79EFBC}") = "SenderWpf", "SenderWpf\SenderWpf.csproj", "{8C70334E-3FEA-4CDE-B4B4-B9D95A450793}"
EndProject
Project("{FAE04EC0-301F-11D3-BF4B-00C04F79EFBC}") = "ReceiverWpf", "ReceiverWpf\ReceiverWpf.csproj", "{CF021654-8E5D-4A97-9A5B-3B41BEF799AA}"
EndProject
Global
	GlobalSection(SolutionConfigurationPlatforms) = preSolution
		Debug|Any CPU = Debug|Any CPU
		Release|Any CPU = Release|Any CPU
	EndGlobalSection
	GlobalSection(ProjectConfigurationPlatforms) = postSolution
		{8C70334E-3FEA-4CDE-B4B4-B9D95A450793}.Debug|Any CPU.ActiveCfg = Debug|Any CPU
		{8C70334E-3FEA-4CDE-B4B4-B9D95A450793}.Debug|Any CPU.Build.0 = Debug|Any CPU
		{8C70334E-3FEA-4CDE-B4B4-B9D95A450793}.Release|Any CPU.ActiveCfg = Release|Any CPU
		{8C70334E-3FEA-4CDE-B4B4-B9D95A450793}.Release|Any CPU.Build.0 = Release|Any CPU
		{CF021654-8E5D-4A97-9A5B-3B41BEF799AA}.Debug|Any CPU.ActiveCfg = Debug|Any CPU
		{CF021654-8E5D-4A97-9A5B-3B41BEF799AA}.Debug|Any CPU.Build.0 = Debug|Any CPU
		{CF021654-8E5D-4A97-9A5B-3B41BEF799AA}.Release|Any CPU.ActiveCfg = Release|Any CPU
		{CF021654-8E5D-4A97-9A5B-3B41BEF799AA}.Release|Any CPU.Build.0 = Release|Any CPU
	EndGlobalSection
	GlobalSection(SolutionProperties) = preSolution
		HideSolutionNode = FALSE
	EndGlobalSection
EndGlobal
