
Microsoft Visual Studio Solution File, Format Version 12.00
# Visual Studio 2013
VisualStudioVersion = 12.0.31101.0
MinimumVisualStudioVersion = 10.0.40219.1
Project("{FAE04EC0-301F-11D3-BF4B-00C04F79EFBC}") = "DepthMonitor", "DepthMonitor\DepthMonitor.csproj", "{8E235BBF-2F19-4C9E-89F4-75288E028532}"
EndProject
Project("{FAE04EC0-301F-11D3-BF4B-00C04F79EFBC}") = "DepthMonitor2", "DepthMonitor2\DepthMonitor2.csproj", "{340B501D-D6A1-4BD8-B785-31AED02762DF}"
EndProject
Global
	GlobalSection(SolutionConfigurationPlatforms) = preSolution
		Debug|Any CPU = Debug|Any CPU
		Release|Any CPU = Release|Any CPU
	EndGlobalSection
	GlobalSection(ProjectConfigurationPlatforms) = postSolution
		{8E235BBF-2F19-4C9E-89F4-75288E028532}.Debug|Any CPU.ActiveCfg = Debug|Any CPU
		{8E235BBF-2F19-4C9E-89F4-75288E028532}.Debug|Any CPU.Build.0 = Debug|Any CPU
		{8E235BBF-2F19-4C9E-89F4-75288E028532}.Release|Any CPU.ActiveCfg = Release|Any CPU
		{8E235BBF-2F19-4C9E-89F4-75288E028532}.Release|Any CPU.Build.0 = Release|Any CPU
		{340B501D-D6A1-4BD8-B785-31AED02762DF}.Debug|Any CPU.ActiveCfg = Debug|Any CPU
		{340B501D-D6A1-4BD8-B785-31AED02762DF}.Debug|Any CPU.Build.0 = Debug|Any CPU
		{340B501D-D6A1-4BD8-B785-31AED02762DF}.Release|Any CPU.ActiveCfg = Release|Any CPU
		{340B501D-D6A1-4BD8-B785-31AED02762DF}.Release|Any CPU.Build.0 = Release|Any CPU
	EndGlobalSection
	GlobalSection(SolutionProperties) = preSolution
		HideSolutionNode = FALSE
	EndGlobalSection
EndGlobal
