
Microsoft Visual Studio Solution File, Format Version 12.00
# Visual Studio 2013
VisualStudioVersion = 12.0.40629.0
MinimumVisualStudioVersion = 10.0.40219.1
Project("{FAE04EC0-301F-11D3-BF4B-00C04F79EFBC}") = "ColorMemoryWpf1", "ColorMemoryWpf1\ColorMemoryWpf1.csproj", "{D770D9C4-E67F-41DD-9F8E-292363479AE1}"
EndProject
Project("{FAE04EC0-301F-11D3-BF4B-00C04F79EFBC}") = "ColorMemoryWpf2", "ColorMemoryWpf2\ColorMemoryWpf2.csproj", "{4DA26B16-01D6-4116-AF97-09A8F85B6D97}"
EndProject
Global
	GlobalSection(SolutionConfigurationPlatforms) = preSolution
		Debug|Any CPU = Debug|Any CPU
		Release|Any CPU = Release|Any CPU
	EndGlobalSection
	GlobalSection(ProjectConfigurationPlatforms) = postSolution
		{D770D9C4-E67F-41DD-9F8E-292363479AE1}.Debug|Any CPU.ActiveCfg = Debug|Any CPU
		{D770D9C4-E67F-41DD-9F8E-292363479AE1}.Debug|Any CPU.Build.0 = Debug|Any CPU
		{D770D9C4-E67F-41DD-9F8E-292363479AE1}.Release|Any CPU.ActiveCfg = Release|Any CPU
		{D770D9C4-E67F-41DD-9F8E-292363479AE1}.Release|Any CPU.Build.0 = Release|Any CPU
		{4DA26B16-01D6-4116-AF97-09A8F85B6D97}.Debug|Any CPU.ActiveCfg = Debug|Any CPU
		{4DA26B16-01D6-4116-AF97-09A8F85B6D97}.Debug|Any CPU.Build.0 = Debug|Any CPU
		{4DA26B16-01D6-4116-AF97-09A8F85B6D97}.Release|Any CPU.ActiveCfg = Release|Any CPU
		{4DA26B16-01D6-4116-AF97-09A8F85B6D97}.Release|Any CPU.Build.0 = Release|Any CPU
	EndGlobalSection
	GlobalSection(SolutionProperties) = preSolution
		HideSolutionNode = FALSE
	EndGlobalSection
EndGlobal
